
Microsoft Visual Studio Solution File, Format Version 12.00
# Visual Studio Version 17
VisualStudioVersion = 17.0.31903.59
MinimumVisualStudioVersion = 10.0.40219.1
Project("{2150E333-8FDC-42A3-9474-1A3956D46DE8}") = "src", "src", "{827E0CD3-B72D-47B6-A68D-7590B98EB39B}"
EndProject
Project("{2150E333-8FDC-42A3-9474-1A3956D46DE8}") = "Results", "Results", "{360BD8D3-A043-13ED-C69B-A7A740738864}"
EndProject
Project("{2150E333-8FDC-42A3-9474-1A3956D46DE8}") = "Utilities", "Utilities", "{AB08B9A8-5735-C00D-10FA-B1C840F3028B}"
EndProject
Project("{2150E333-8FDC-42A3-9474-1A3956D46DE8}") = "Tests", "Tests", "{0AB3BF05-4346-4AA6-1389-037BE0695223}"
EndProject
Project("{FAE04EC0-301F-11D3-BF4B-00C04F79EFBC}") = "Zentient.Results", "src\Results\Zentient.Results.csproj", "{1C92AB51-3636-47DF-B5C9-CBBD7B4C793E}"
EndProject
Project("{FAE04EC0-301F-11D3-BF4B-00C04F79EFBC}") = "Zentient.Utilities", "src\Utilities\Zentient.Utilities.csproj", "{516387DE-1C95-46B3-9F8D-AC67B7A24C16}"
EndProject
Project("{FAE04EC0-301F-11D3-BF4B-00C04F79EFBC}") = "Zentient.Results.Tests", "tests\Zentient.Results.Tests.csproj", "{02537F17-CB97-4DD3-82FA-3A2B41C847E6}"
EndProject
Global
	GlobalSection(SolutionConfigurationPlatforms) = preSolution
		Debug|Any CPU = Debug|Any CPU
		Debug|x64 = Debug|x64
		Debug|x86 = Debug|x86
		Release|Any CPU = Release|Any CPU
		Release|x64 = Release|x64
		Release|x86 = Release|x86
	EndGlobalSection
	GlobalSection(ProjectConfigurationPlatforms) = postSolution
		{1C92AB51-3636-47DF-B5C9-CBBD7B4C793E}.Debug|Any CPU.ActiveCfg = Debug|Any CPU
		{1C92AB51-3636-47DF-B5C9-CBBD7B4C793E}.Debug|Any CPU.Build.0 = Debug|Any CPU
		{1C92AB51-3636-47DF-B5C9-CBBD7B4C793E}.Debug|x64.ActiveCfg = Debug|Any CPU
		{1C92AB51-3636-47DF-B5C9-CBBD7B4C793E}.Debug|x64.Build.0 = Debug|Any CPU
		{1C92AB51-3636-47DF-B5C9-CBBD7B4C793E}.Debug|x86.ActiveCfg = Debug|Any CPU
		{1C92AB51-3636-47DF-B5C9-CBBD7B4C793E}.Debug|x86.Build.0 = Debug|Any CPU
		{1C92AB51-3636-47DF-B5C9-CBBD7B4C793E}.Release|Any CPU.ActiveCfg = Release|Any CPU
		{1C92AB51-3636-47DF-B5C9-CBBD7B4C793E}.Release|Any CPU.Build.0 = Release|Any CPU
		{1C92AB51-3636-47DF-B5C9-CBBD7B4C793E}.Release|x64.ActiveCfg = Release|Any CPU
		{1C92AB51-3636-47DF-B5C9-CBBD7B4C793E}.Release|x64.Build.0 = Release|Any CPU
		{1C92AB51-3636-47DF-B5C9-CBBD7B4C793E}.Release|x86.ActiveCfg = Release|Any CPU
		{1C92AB51-3636-47DF-B5C9-CBBD7B4C793E}.Release|x86.Build.0 = Release|Any CPU
		{516387DE-1C95-46B3-9F8D-AC67B7A24C16}.Debug|Any CPU.ActiveCfg = Debug|Any CPU
		{516387DE-1C95-46B3-9F8D-AC67B7A24C16}.Debug|Any CPU.Build.0 = Debug|Any CPU
		{516387DE-1C95-46B3-9F8D-AC67B7A24C16}.Debug|x64.ActiveCfg = Debug|Any CPU
		{516387DE-1C95-46B3-9F8D-AC67B7A24C16}.Debug|x64.Build.0 = Debug|Any CPU
		{516387DE-1C95-46B3-9F8D-AC67B7A24C16}.Debug|x86.ActiveCfg = Debug|Any CPU
		{516387DE-1C95-46B3-9F8D-AC67B7A24C16}.Debug|x86.Build.0 = Debug|Any CPU
		{516387DE-1C95-46B3-9F8D-AC67B7A24C16}.Release|Any CPU.ActiveCfg = Release|Any CPU
		{516387DE-1C95-46B3-9F8D-AC67B7A24C16}.Release|Any CPU.Build.0 = Release|Any CPU
		{516387DE-1C95-46B3-9F8D-AC67B7A24C16}.Release|x64.ActiveCfg = Release|Any CPU
		{516387DE-1C95-46B3-9F8D-AC67B7A24C16}.Release|x64.Build.0 = Release|Any CPU
		{516387DE-1C95-46B3-9F8D-AC67B7A24C16}.Release|x86.ActiveCfg = Release|Any CPU
		{516387DE-1C95-46B3-9F8D-AC67B7A24C16}.Release|x86.Build.0 = Release|Any CPU
		{02537F17-CB97-4DD3-82FA-3A2B41C847E6}.Debug|Any CPU.ActiveCfg = Debug|Any CPU
		{02537F17-CB97-4DD3-82FA-3A2B41C847E6}.Debug|Any CPU.Build.0 = Debug|Any CPU
		{02537F17-CB97-4DD3-82FA-3A2B41C847E6}.Debug|x64.ActiveCfg = Debug|Any CPU
		{02537F17-CB97-4DD3-82FA-3A2B41C847E6}.Debug|x64.Build.0 = Debug|Any CPU
		{02537F17-CB97-4DD3-82FA-3A2B41C847E6}.Debug|x86.ActiveCfg = Debug|Any CPU
		{02537F17-CB97-4DD3-82FA-3A2B41C847E6}.Debug|x86.Build.0 = Debug|Any CPU
		{02537F17-CB97-4DD3-82FA-3A2B41C847E6}.Release|Any CPU.ActiveCfg = Release|Any CPU
		{02537F17-CB97-4DD3-82FA-3A2B41C847E6}.Release|Any CPU.Build.0 = Release|Any CPU
		{02537F17-CB97-4DD3-82FA-3A2B41C847E6}.Release|x64.ActiveCfg = Release|Any CPU
		{02537F17-CB97-4DD3-82FA-3A2B41C847E6}.Release|x64.Build.0 = Release|Any CPU
		{02537F17-CB97-4DD3-82FA-3A2B41C847E6}.Release|x86.ActiveCfg = Release|Any CPU
		{02537F17-CB97-4DD3-82FA-3A2B41C847E6}.Release|x86.Build.0 = Release|Any CPU
	EndGlobalSection
	GlobalSection(SolutionProperties) = preSolution
		HideSolutionNode = FALSE
	EndGlobalSection
	GlobalSection(NestedProjects) = preSolution
		{360BD8D3-A043-13ED-C69B-A7A740738864} = {827E0CD3-B72D-47B6-A68D-7590B98EB39B}
		{AB08B9A8-5735-C00D-10FA-B1C840F3028B} = {827E0CD3-B72D-47B6-A68D-7590B98EB39B}
		{1C92AB51-3636-47DF-B5C9-CBBD7B4C793E} = {360BD8D3-A043-13ED-C69B-A7A740738864}
		{516387DE-1C95-46B3-9F8D-AC67B7A24C16} = {AB08B9A8-5735-C00D-10FA-B1C840F3028B}
		{02537F17-CB97-4DD3-82FA-3A2B41C847E6} = {0AB3BF05-4346-4AA6-1389-037BE0695223}
	EndGlobalSection
EndGlobal
